PODS:
  - Instamojo (1.0.17)

DEPENDENCIES:
  - Instamojo (from `/Users/vaibhavbhasin/Documents/Lib/InstaMojoSDK/ios-sdk`)

EXTERNAL SOURCES:
  Instamojo:
    :path: "/Users/vaibhavbhasin/Documents/Lib/InstaMojoSDK/ios-sdk"

SPEC CHECKSUMS:
  Instamojo: 4b2ce4dd878478efc3f89636e371edcde5a6e688

PODFILE CHECKSUM: ccdd63012e3b23329d79cda34f4a3ad80e3e1426

COCOAPODS: 1.8.3
